
Microsoft Visual Studio Solution File, Format Version 12.00
# Visual Studio Version 17
VisualStudioVersion = 17.9.34728.123
MinimumVisualStudioVersion = 10.0.40219.1
Project("{9A19103F-16F7-4668-BE54-9A1E7A4F7556}") = "BooksManagementSystem", "BooksManagementSystem\BooksManagementSystem.csproj", "{74CE50DC-B2F9-4A40-85EA-B6C09C459145}"
EndProject
Project("{FAE04EC0-301F-11D3-BF4B-00C04F79EFBC}") = "BookManagement.Tests", "BookManagement.Tests\BookManagement.Tests.csproj", "{A0846A47-DA6E-41C0-AC33-026BFC87F156}"
EndProject
Global
	GlobalSection(SolutionConfigurationPlatforms) = preSolution
		Debug|Any CPU = Debug|Any CPU
		Release|Any CPU = Release|Any CPU
	EndGlobalSection
	GlobalSection(ProjectConfigurationPlatforms) = postSolution
		{74CE50DC-B2F9-4A40-85EA-B6C09C459145}.Debug|Any CPU.ActiveCfg = Debug|Any CPU
		{74CE50DC-B2F9-4A40-85EA-B6C09C459145}.Debug|Any CPU.Build.0 = Debug|Any CPU
		{74CE50DC-B2F9-4A40-85EA-B6C09C459145}.Release|Any CPU.ActiveCfg = Release|Any CPU
		{74CE50DC-B2F9-4A40-85EA-B6C09C459145}.Release|Any CPU.Build.0 = Release|Any CPU
		{A0846A47-DA6E-41C0-AC33-026BFC87F156}.Debug|Any CPU.ActiveCfg = Debug|Any CPU
		{A0846A47-DA6E-41C0-AC33-026BFC87F156}.Debug|Any CPU.Build.0 = Debug|Any CPU
		{A0846A47-DA6E-41C0-AC33-026BFC87F156}.Release|Any CPU.ActiveCfg = Release|Any CPU
		{A0846A47-DA6E-41C0-AC33-026BFC87F156}.Release|Any CPU.Build.0 = Release|Any CPU
	EndGlobalSection
	GlobalSection(SolutionProperties) = preSolution
		HideSolutionNode = FALSE
	EndGlobalSection
	GlobalSection(ExtensibilityGlobals) = postSolution
		SolutionGuid = {6B081FD9-C39B-43A6-9E44-0A4AF1193531}
	EndGlobalSection
EndGlobal
